
Microsoft Visual Studio Solution File, Format Version 12.00
# Visual Studio Version 17
VisualStudioVersion = 17.10.35013.160
MinimumVisualStudioVersion = 10.0.40219.1
Project("{9A19103F-16F7-4668-BE54-9A1E7A4F7556}") = "Arcanum.Core", "Arcanum.Core\Arcanum.Core.csproj", "{E02FC032-DC20-46EE-9160-01B5C67B1562}"
EndProject
Project("{FAE04EC0-301F-11D3-BF4B-00C04F79EFBC}") = "Arcanum.API", "Arcanum.API\Arcanum.API.csproj", "{585EB8BF-CEC6-472A-9A38-7E92D2568FC6}"
EndProject
Project("{FAE04EC0-301F-11D3-BF4B-00C04F79EFBC}") = "PluginTest", "PluginTest\PluginTest.csproj", "{E94D3270-28A3-44F6-A8CA-E891641BB676}"
EndProject
Project("{FAE04EC0-301F-11D3-BF4B-00C04F79EFBC}") = "Arcanum.PluginHost", "Arcanum.PluginHost\Arcanum.PluginHost.csproj", "{892481F9-13C4-4945-BC00-E60554B58BDE}"
EndProject
Project("{FAE04EC0-301F-11D3-BF4B-00C04F79EFBC}") = "Z2ndPlugin", "2ndPlugin\Z2ndPlugin.csproj", "{C711C243-17F9-43D0-8DC7-A7956A7CE02E}"
EndProject
Project("{2150E333-8FDC-42A3-9474-1A3956D46DE8}") = "Solution Items", "Solution Items", "{5F7FEA3F-C57C-4F22-8A7D-52994DAA75C4}"
	ProjectSection(SolutionItems) = preProject
		TODO.md = TODO.md
		Features.md = Features.md
	EndProjectSection
EndProject
Project("{FAE04EC0-301F-11D3-BF4B-00C04F79EFBC}") = "Arcanum.UI", "Arcanum.UI\Arcanum.UI.csproj", "{5CFFBBFF-7DE0-4C12-8AE9-0815CC93850A}"
EndProject
Project("{FAE04EC0-301F-11D3-BF4B-00C04F79EFBC}") = "UnitTests", "UnitTests\UnitTests.csproj", "{96A23B35-1014-45C2-B2AF-5F3B67C70A1B}"
EndProject
Project("{FAE04EC0-301F-11D3-BF4B-00C04F79EFBC}") = "Benchmarking", "Benchmarking\Benchmarking.csproj", "{730E1559-1DDB-49BD-A381-A16D48C578B3}"
EndProject
Global
	GlobalSection(SolutionConfigurationPlatforms) = preSolution
		Debug|Any CPU = Debug|Any CPU
		Release|Any CPU = Release|Any CPU
	EndGlobalSection
	GlobalSection(ProjectConfigurationPlatforms) = postSolution
		{E02FC032-DC20-46EE-9160-01B5C67B1562}.Debug|Any CPU.ActiveCfg = Debug|Any CPU
		{E02FC032-DC20-46EE-9160-01B5C67B1562}.Debug|Any CPU.Build.0 = Debug|Any CPU
		{E02FC032-DC20-46EE-9160-01B5C67B1562}.Release|Any CPU.ActiveCfg = Release|Any CPU
		{E02FC032-DC20-46EE-9160-01B5C67B1562}.Release|Any CPU.Build.0 = Release|Any CPU
		{585EB8BF-CEC6-472A-9A38-7E92D2568FC6}.Debug|Any CPU.ActiveCfg = Debug|Any CPU
		{585EB8BF-CEC6-472A-9A38-7E92D2568FC6}.Debug|Any CPU.Build.0 = Debug|Any CPU
		{585EB8BF-CEC6-472A-9A38-7E92D2568FC6}.Release|Any CPU.ActiveCfg = Release|Any CPU
		{585EB8BF-CEC6-472A-9A38-7E92D2568FC6}.Release|Any CPU.Build.0 = Release|Any CPU
		{E94D3270-28A3-44F6-A8CA-E891641BB676}.Debug|Any CPU.ActiveCfg = Debug|Any CPU
		{E94D3270-28A3-44F6-A8CA-E891641BB676}.Debug|Any CPU.Build.0 = Debug|Any CPU
		{E94D3270-28A3-44F6-A8CA-E891641BB676}.Release|Any CPU.ActiveCfg = Release|Any CPU
		{E94D3270-28A3-44F6-A8CA-E891641BB676}.Release|Any CPU.Build.0 = Release|Any CPU
		{892481F9-13C4-4945-BC00-E60554B58BDE}.Debug|Any CPU.ActiveCfg = Debug|Any CPU
		{892481F9-13C4-4945-BC00-E60554B58BDE}.Debug|Any CPU.Build.0 = Debug|Any CPU
		{892481F9-13C4-4945-BC00-E60554B58BDE}.Release|Any CPU.ActiveCfg = Release|Any CPU
		{892481F9-13C4-4945-BC00-E60554B58BDE}.Release|Any CPU.Build.0 = Release|Any CPU
		{C711C243-17F9-43D0-8DC7-A7956A7CE02E}.Debug|Any CPU.ActiveCfg = Debug|Any CPU
		{C711C243-17F9-43D0-8DC7-A7956A7CE02E}.Debug|Any CPU.Build.0 = Debug|Any CPU
		{C711C243-17F9-43D0-8DC7-A7956A7CE02E}.Release|Any CPU.ActiveCfg = Release|Any CPU
		{C711C243-17F9-43D0-8DC7-A7956A7CE02E}.Release|Any CPU.Build.0 = Release|Any CPU
		{5CFFBBFF-7DE0-4C12-8AE9-0815CC93850A}.Debug|Any CPU.ActiveCfg = Debug|Any CPU
		{5CFFBBFF-7DE0-4C12-8AE9-0815CC93850A}.Debug|Any CPU.Build.0 = Debug|Any CPU
		{5CFFBBFF-7DE0-4C12-8AE9-0815CC93850A}.Release|Any CPU.ActiveCfg = Release|Any CPU
		{5CFFBBFF-7DE0-4C12-8AE9-0815CC93850A}.Release|Any CPU.Build.0 = Release|Any CPU
		{96A23B35-1014-45C2-B2AF-5F3B67C70A1B}.Debug|Any CPU.ActiveCfg = Debug|Any CPU
		{96A23B35-1014-45C2-B2AF-5F3B67C70A1B}.Debug|Any CPU.Build.0 = Debug|Any CPU
		{96A23B35-1014-45C2-B2AF-5F3B67C70A1B}.Release|Any CPU.ActiveCfg = Release|Any CPU
		{96A23B35-1014-45C2-B2AF-5F3B67C70A1B}.Release|Any CPU.Build.0 = Release|Any CPU
		{730E1559-1DDB-49BD-A381-A16D48C578B3}.Debug|Any CPU.ActiveCfg = Debug|Any CPU
		{730E1559-1DDB-49BD-A381-A16D48C578B3}.Debug|Any CPU.Build.0 = Debug|Any CPU
		{730E1559-1DDB-49BD-A381-A16D48C578B3}.Release|Any CPU.ActiveCfg = Release|Any CPU
		{730E1559-1DDB-49BD-A381-A16D48C578B3}.Release|Any CPU.Build.0 = Release|Any CPU
	EndGlobalSection
	GlobalSection(SolutionProperties) = preSolution
		HideSolutionNode = FALSE
	EndGlobalSection
	GlobalSection(ExtensibilityGlobals) = postSolution
		SolutionGuid = {3E31D3CA-C663-4B09-A5CA-D796999B23E5}
	EndGlobalSection
EndGlobal
